
Microsoft Visual Studio Solution File, Format Version 12.00
# Visual Studio 2012
Project("{FAE04EC0-301F-11D3-BF4B-00C04F79EFBC}") = "lab4v9", "lab4v9\lab4v9.csproj", "{0D03B49B-68EC-49E9-A066-1642D55F7ACE}"
EndProject
Global
	GlobalSection(SolutionConfigurationPlatforms) = preSolution
		Debug|Any CPU = Debug|Any CPU
		Release|Any CPU = Release|Any CPU
	EndGlobalSection
	GlobalSection(ProjectConfigurationPlatforms) = postSolution
		{0D03B49B-68EC-49E9-A066-1642D55F7ACE}.Debug|Any CPU.ActiveCfg = Debug|Any CPU
		{0D03B49B-68EC-49E9-A066-1642D55F7ACE}.Debug|Any CPU.Build.0 = Debug|Any CPU
		{0D03B49B-68EC-49E9-A066-1642D55F7ACE}.Release|Any CPU.ActiveCfg = Release|Any CPU
		{0D03B49B-68EC-49E9-A066-1642D55F7ACE}.Release|Any CPU.Build.0 = Release|Any CPU
	EndGlobalSection
	GlobalSection(SolutionProperties) = preSolution
		HideSolutionNode = FALSE
	EndGlobalSection
EndGlobal
