
Microsoft Visual Studio Solution File, Format Version 12.00
# Visual Studio 2012
Project("{FAE04EC0-301F-11D3-BF4B-00C04F79EFBC}") = "C_1_v2", "C_1_v2\C_1_v2.csproj", "{6DAA5A4F-77BB-47DB-B956-2BCE63647465}"
EndProject
Global
	GlobalSection(SolutionConfigurationPlatforms) = preSolution
		Debug|Any CPU = Debug|Any CPU
		Release|Any CPU = Release|Any CPU
	EndGlobalSection
	GlobalSection(ProjectConfigurationPlatforms) = postSolution
		{6DAA5A4F-77BB-47DB-B956-2BCE63647465}.Debug|Any CPU.ActiveCfg = Debug|Any CPU
		{6DAA5A4F-77BB-47DB-B956-2BCE63647465}.Debug|Any CPU.Build.0 = Debug|Any CPU
		{6DAA5A4F-77BB-47DB-B956-2BCE63647465}.Release|Any CPU.ActiveCfg = Release|Any CPU
		{6DAA5A4F-77BB-47DB-B956-2BCE63647465}.Release|Any CPU.Build.0 = Release|Any CPU
	EndGlobalSection
	GlobalSection(SolutionProperties) = preSolution
		HideSolutionNode = FALSE
	EndGlobalSection
EndGlobal
