
Microsoft Visual Studio Solution File, Format Version 12.00
# Visual Studio 2012
Project("{FAE04EC0-301F-11D3-BF4B-00C04F79EFBC}") = "lab6", "lab6\lab6.csproj", "{FCF8F143-0791-461B-84DD-2B6B909F4DDC}"
EndProject
Global
	GlobalSection(SolutionConfigurationPlatforms) = preSolution
		Debug|Any CPU = Debug|Any CPU
		Release|Any CPU = Release|Any CPU
	EndGlobalSection
	GlobalSection(ProjectConfigurationPlatforms) = postSolution
		{FCF8F143-0791-461B-84DD-2B6B909F4DDC}.Debug|Any CPU.ActiveCfg = Debug|Any CPU
		{FCF8F143-0791-461B-84DD-2B6B909F4DDC}.Debug|Any CPU.Build.0 = Debug|Any CPU
		{FCF8F143-0791-461B-84DD-2B6B909F4DDC}.Release|Any CPU.ActiveCfg = Release|Any CPU
		{FCF8F143-0791-461B-84DD-2B6B909F4DDC}.Release|Any CPU.Build.0 = Release|Any CPU
	EndGlobalSection
	GlobalSection(SolutionProperties) = preSolution
		HideSolutionNode = FALSE
	EndGlobalSection
EndGlobal
